
Microsoft Visual Studio Solution File, Format Version 12.00
# Visual Studio Version 17
VisualStudioVersion = 17.6.33712.159
MinimumVisualStudioVersion = 10.0.40219.1
Project("{FAE04EC0-301F-11D3-BF4B-00C04F79EFBC}") = "Recursividad", "Recursividad\Recursividad.csproj", "{12FACB12-A4D0-4903-983D-2CB5DD06D384}"
EndProject
Global
	GlobalSection(SolutionConfigurationPlatforms) = preSolution
		Debug|Any CPU = Debug|Any CPU
		Release|Any CPU = Release|Any CPU
	EndGlobalSection
	GlobalSection(ProjectConfigurationPlatforms) = postSolution
		{12FACB12-A4D0-4903-983D-2CB5DD06D384}.Debug|Any CPU.ActiveCfg = Debug|Any CPU
		{12FACB12-A4D0-4903-983D-2CB5DD06D384}.Debug|Any CPU.Build.0 = Debug|Any CPU
		{12FACB12-A4D0-4903-983D-2CB5DD06D384}.Release|Any CPU.ActiveCfg = Release|Any CPU
		{12FACB12-A4D0-4903-983D-2CB5DD06D384}.Release|Any CPU.Build.0 = Release|Any CPU
	EndGlobalSection
	GlobalSection(SolutionProperties) = preSolution
		HideSolutionNode = FALSE
	EndGlobalSection
	GlobalSection(ExtensibilityGlobals) = postSolution
		SolutionGuid = {CD7BFC5A-A93C-4500-9AE5-745622123C5B}
	EndGlobalSection
EndGlobal
